
Microsoft Visual Studio Solution File, Format Version 12.00
# Visual Studio 15
VisualStudioVersion = 15.0.27703.2035
MinimumVisualStudioVersion = 10.0.40219.1
Project("{FAE04EC0-301F-11D3-BF4B-00C04F79EFBC}") = "AluCharpy", "WindowsFormsApp1\AluCharpy.csproj", "{B58A9476-2CA1-417D-8F1C-00E7AA280BA7}"
EndProject
Project("{FAE04EC0-301F-11D3-BF4B-00C04F79EFBC}") = "Tests", "Tests\Tests.csproj", "{955ADD38-4432-4684-AC93-78B50807B732}"
EndProject
Project("{FAE04EC0-301F-11D3-BF4B-00C04F79EFBC}") = "Charpy.Model", "Charpy.Model\Charpy.Model.csproj", "{08EB59AF-FCA8-4944-A23B-98CE39AB653A}"
EndProject
Global
	GlobalSection(SolutionConfigurationPlatforms) = preSolution
		Debug|Any CPU = Debug|Any CPU
		Release|Any CPU = Release|Any CPU
	EndGlobalSection
	GlobalSection(ProjectConfigurationPlatforms) = postSolution
		{B58A9476-2CA1-417D-8F1C-00E7AA280BA7}.Debug|Any CPU.ActiveCfg = Debug|Any CPU
		{B58A9476-2CA1-417D-8F1C-00E7AA280BA7}.Debug|Any CPU.Build.0 = Debug|Any CPU
		{B58A9476-2CA1-417D-8F1C-00E7AA280BA7}.Release|Any CPU.ActiveCfg = Release|Any CPU
		{B58A9476-2CA1-417D-8F1C-00E7AA280BA7}.Release|Any CPU.Build.0 = Release|Any CPU
		{955ADD38-4432-4684-AC93-78B50807B732}.Debug|Any CPU.ActiveCfg = Debug|Any CPU
		{955ADD38-4432-4684-AC93-78B50807B732}.Debug|Any CPU.Build.0 = Debug|Any CPU
		{955ADD38-4432-4684-AC93-78B50807B732}.Release|Any CPU.ActiveCfg = Release|Any CPU
		{955ADD38-4432-4684-AC93-78B50807B732}.Release|Any CPU.Build.0 = Release|Any CPU
		{08EB59AF-FCA8-4944-A23B-98CE39AB653A}.Debug|Any CPU.ActiveCfg = Debug|Any CPU
		{08EB59AF-FCA8-4944-A23B-98CE39AB653A}.Debug|Any CPU.Build.0 = Debug|Any CPU
		{08EB59AF-FCA8-4944-A23B-98CE39AB653A}.Release|Any CPU.ActiveCfg = Release|Any CPU
		{08EB59AF-FCA8-4944-A23B-98CE39AB653A}.Release|Any CPU.Build.0 = Release|Any CPU
	EndGlobalSection
	GlobalSection(SolutionProperties) = preSolution
		HideSolutionNode = FALSE
	EndGlobalSection
	GlobalSection(ExtensibilityGlobals) = postSolution
		SolutionGuid = {0BD75A0A-AD7E-448F-ABC0-1CB4E04E55CF}
	EndGlobalSection
EndGlobal
